
Microsoft Visual Studio Solution File, Format Version 12.00
# Visual Studio 15
VisualStudioVersion = 15.0.28010.2048
MinimumVisualStudioVersion = 10.0.40219.1
Project("{9A19103F-16F7-4668-BE54-9A1E7A4F7556}") = "FileProcessors", "FileProcessor\FileProcessors.csproj", "{6212BC73-36FA-41C2-9288-B329246865F3}"
EndProject
Project("{9A19103F-16F7-4668-BE54-9A1E7A4F7556}") = "SymmetricCryptosystems", "SymmetricCryptosystems\SymmetricCryptosystems.csproj", "{BA28795B-4981-4FEB-96A4-3D5BFC3377BC}"
EndProject
Project("{9A19103F-16F7-4668-BE54-9A1E7A4F7556}") = "AsymmetricCryptosystems", "AsymmetricCryptosystems\AsymmetricCryptosystems.csproj", "{335455CD-7982-440B-ADFC-8CFD9DA2F7EE}"
EndProject
Project("{FAE04EC0-301F-11D3-BF4B-00C04F79EFBC}") = "DigitalniPotpisUI", "DigitalniPotpisUI\DigitalniPotpisUI.csproj", "{3C569826-E7F7-4426-A591-757C36DC1017}"
	ProjectSection(ProjectDependencies) = postProject
		{BA28795B-4981-4FEB-96A4-3D5BFC3377BC} = {BA28795B-4981-4FEB-96A4-3D5BFC3377BC}
		{6212BC73-36FA-41C2-9288-B329246865F3} = {6212BC73-36FA-41C2-9288-B329246865F3}
		{335455CD-7982-440B-ADFC-8CFD9DA2F7EE} = {335455CD-7982-440B-ADFC-8CFD9DA2F7EE}
	EndProjectSection
EndProject
Project("{FAE04EC0-301F-11D3-BF4B-00C04F79EFBC}") = "HashFunctions", "HashFunctions\HashFunctions.csproj", "{C15A16D6-8B3D-41CC-A188-6364123C34EE}"
EndProject
Global
	GlobalSection(SolutionConfigurationPlatforms) = preSolution
		Debug|Any CPU = Debug|Any CPU
		Release|Any CPU = Release|Any CPU
	EndGlobalSection
	GlobalSection(ProjectConfigurationPlatforms) = postSolution
		{6212BC73-36FA-41C2-9288-B329246865F3}.Debug|Any CPU.ActiveCfg = Debug|Any CPU
		{6212BC73-36FA-41C2-9288-B329246865F3}.Debug|Any CPU.Build.0 = Debug|Any CPU
		{6212BC73-36FA-41C2-9288-B329246865F3}.Release|Any CPU.ActiveCfg = Release|Any CPU
		{6212BC73-36FA-41C2-9288-B329246865F3}.Release|Any CPU.Build.0 = Release|Any CPU
		{BA28795B-4981-4FEB-96A4-3D5BFC3377BC}.Debug|Any CPU.ActiveCfg = Debug|Any CPU
		{BA28795B-4981-4FEB-96A4-3D5BFC3377BC}.Debug|Any CPU.Build.0 = Debug|Any CPU
		{BA28795B-4981-4FEB-96A4-3D5BFC3377BC}.Release|Any CPU.ActiveCfg = Release|Any CPU
		{BA28795B-4981-4FEB-96A4-3D5BFC3377BC}.Release|Any CPU.Build.0 = Release|Any CPU
		{335455CD-7982-440B-ADFC-8CFD9DA2F7EE}.Debug|Any CPU.ActiveCfg = Debug|Any CPU
		{335455CD-7982-440B-ADFC-8CFD9DA2F7EE}.Debug|Any CPU.Build.0 = Debug|Any CPU
		{335455CD-7982-440B-ADFC-8CFD9DA2F7EE}.Release|Any CPU.ActiveCfg = Release|Any CPU
		{335455CD-7982-440B-ADFC-8CFD9DA2F7EE}.Release|Any CPU.Build.0 = Release|Any CPU
		{3C569826-E7F7-4426-A591-757C36DC1017}.Debug|Any CPU.ActiveCfg = Debug|Any CPU
		{3C569826-E7F7-4426-A591-757C36DC1017}.Debug|Any CPU.Build.0 = Debug|Any CPU
		{3C569826-E7F7-4426-A591-757C36DC1017}.Release|Any CPU.ActiveCfg = Release|Any CPU
		{3C569826-E7F7-4426-A591-757C36DC1017}.Release|Any CPU.Build.0 = Release|Any CPU
		{C15A16D6-8B3D-41CC-A188-6364123C34EE}.Debug|Any CPU.ActiveCfg = Debug|Any CPU
		{C15A16D6-8B3D-41CC-A188-6364123C34EE}.Debug|Any CPU.Build.0 = Debug|Any CPU
		{C15A16D6-8B3D-41CC-A188-6364123C34EE}.Release|Any CPU.ActiveCfg = Release|Any CPU
		{C15A16D6-8B3D-41CC-A188-6364123C34EE}.Release|Any CPU.Build.0 = Release|Any CPU
	EndGlobalSection
	GlobalSection(SolutionProperties) = preSolution
		HideSolutionNode = FALSE
	EndGlobalSection
	GlobalSection(ExtensibilityGlobals) = postSolution
		SolutionGuid = {67C405EB-FE75-406A-BD10-D68AE974CDA7}
	EndGlobalSection
EndGlobal
